{
    "name": "st-lang",
    "version": "0.5.38",
    "lockfileVersion": 2,
    "requires": true,
    "packages": {
        "": {
            "name": "st-lang",
            "version": "0.5.38",
            "dependencies": {
                "stdn": "^0.2.3",
                "ston": "^0.2.2"
            },
            "devDependencies": {
                "@types/node": "^16.11.6",
                "@types/vscode": "^1.61.0",
                "typescript": "^4.4.4"
            },
            "engines": {
                "vscode": "^1.61.0"
            }
        },
        "node_modules/@types/node": {
            "version": "16.11.6",
            "resolved": "https://registry.npmjs.org/@types/node/-/node-16.11.6.tgz",
            "integrity": "sha512-ua7PgUoeQFjmWPcoo9khiPum3Pd60k4/2ZGXt18sm2Slk0W0xZTqt5Y0Ny1NyBiN1EVQ/+FaF9NcY4Qe6rwk5w==",
            "dev": true
        },
        "node_modules/@types/vscode": {
            "version": "1.61.0",
            "resolved": "https://registry.npmjs.org/@types/vscode/-/vscode-1.61.0.tgz",
            "integrity": "sha512-9k5Nwq45hkRwdfCFY+eKXeQQSbPoA114mF7U/4uJXRBJeGIO7MuJdhF1PnaDN+lllL9iKGQtd6FFXShBXMNaFg==",
            "dev": true
        },
        "node_modules/stdn": {
            "version": "0.2.3",
            "resolved": "https://registry.npmjs.org/stdn/-/stdn-0.2.3.tgz",
            "integrity": "sha512-GnXgWv9dP5w/Ndzh/WSpz6bFpDpRNfAD99opzXrZH/DDoMwvfxebhqA1dse0Wq9wJZWfKKIRIRqo1OqKlqzChQ==",
            "dependencies": {
                "ston": "^0.2.2"
            },
            "engines": {
                "node": ">=14.0.0",
                "npm": ">=8.0.0"
            }
        },
        "node_modules/ston": {
            "version": "0.2.2",
            "resolved": "https://registry.npmjs.org/ston/-/ston-0.2.2.tgz",
            "integrity": "sha512-YosEWXLwyHP2DsK0+xQLRHX9yb3W3/LpEIUgkzj25bxAn8B9BOQNsLo/fvY4LNCk2t+8upSLtIZbFjJ7JmiTeA==",
            "engines": {
                "node": ">=14.0.0",
                "npm": ">=8.0.0"
            }
        },
        "node_modules/typescript": {
            "version": "4.4.4",
            "resolved": "https://registry.npmjs.org/typescript/-/typescript-4.4.4.tgz",
            "integrity": "sha512-DqGhF5IKoBl8WNf8C1gu8q0xZSInh9j1kJJMqT3a94w1JzVaBU4EXOSMrz9yDqMT0xt3selp83fuFMQ0uzv6qA==",
            "dev": true,
            "bin": {
                "tsc": "bin/tsc",
                "tsserver": "bin/tsserver"
            },
            "engines": {
                "node": ">=4.2.0"
            }
        }
    },
    "dependencies": {
        "@types/node": {
            "version": "16.11.6",
            "resolved": "https://registry.npmjs.org/@types/node/-/node-16.11.6.tgz",
            "integrity": "sha512-ua7PgUoeQFjmWPcoo9khiPum3Pd60k4/2ZGXt18sm2Slk0W0xZTqt5Y0Ny1NyBiN1EVQ/+FaF9NcY4Qe6rwk5w==",
            "dev": true
        },
        "@types/vscode": {
            "version": "1.61.0",
            "resolved": "https://registry.npmjs.org/@types/vscode/-/vscode-1.61.0.tgz",
            "integrity": "sha512-9k5Nwq45hkRwdfCFY+eKXeQQSbPoA114mF7U/4uJXRBJeGIO7MuJdhF1PnaDN+lllL9iKGQtd6FFXShBXMNaFg==",
            "dev": true
        },
        "stdn": {
            "version": "0.2.3",
            "resolved": "https://registry.npmjs.org/stdn/-/stdn-0.2.3.tgz",
            "integrity": "sha512-GnXgWv9dP5w/Ndzh/WSpz6bFpDpRNfAD99opzXrZH/DDoMwvfxebhqA1dse0Wq9wJZWfKKIRIRqo1OqKlqzChQ==",
            "requires": {
                "ston": "^0.2.2"
            }
        },
        "ston": {
            "version": "0.2.2",
            "resolved": "https://registry.npmjs.org/ston/-/ston-0.2.2.tgz",
            "integrity": "sha512-YosEWXLwyHP2DsK0+xQLRHX9yb3W3/LpEIUgkzj25bxAn8B9BOQNsLo/fvY4LNCk2t+8upSLtIZbFjJ7JmiTeA=="
        },
        "typescript": {
            "version": "4.4.4",
            "resolved": "https://registry.npmjs.org/typescript/-/typescript-4.4.4.tgz",
            "integrity": "sha512-DqGhF5IKoBl8WNf8C1gu8q0xZSInh9j1kJJMqT3a94w1JzVaBU4EXOSMrz9yDqMT0xt3selp83fuFMQ0uzv6qA==",
            "dev": true
        }
    }
}
