{
    "name": "st-lang",
    "version": "0.1.1",
    "lockfileVersion": 2,
    "requires": true,
    "packages": {
        "": {
            "version": "0.1.1",
            "dependencies": {
                "stdn": "^0.0.7",
                "ston": "^0.0.13"
            },
            "devDependencies": {
                "@types/node": "^16.4.10",
                "@types/vscode": "^1.58.1",
                "typescript": "^4.3.5"
            },
            "engines": {
                "vscode": "^1.58.1"
            }
        },
        "node_modules/@types/node": {
            "version": "16.4.10",
            "resolved": "https://registry.npmjs.org/@types/node/-/node-16.4.10.tgz",
            "integrity": "sha512-TmVHsm43br64js9BqHWqiDZA+xMtbUpI1MBIA0EyiBmoV9pcEYFOSdj5fr6enZNfh4fChh+AGOLIzGwJnkshyQ==",
            "dev": true
        },
        "node_modules/@types/vscode": {
            "version": "1.58.1",
            "resolved": "https://registry.npmjs.org/@types/vscode/-/vscode-1.58.1.tgz",
            "integrity": "sha512-sa76rDXiSif09he8KoaWWUQxsuBr2+uND0xn1GUbEODkuEjp2p7Rqd3t5qlvklfmAedLFdL7MdnsPa57uzwcOw==",
            "dev": true
        },
        "node_modules/stdn": {
            "version": "0.0.7",
            "resolved": "https://registry.npmjs.org/stdn/-/stdn-0.0.7.tgz",
            "integrity": "sha512-aHI0LyehRUDePytDmmvrs8Kd0L3DPon2HpdpaqvyX9yFPUBIaJ94kDRkmNjuR7vhHF7xTxcFR6zw7h2c1oBEZw==",
            "dependencies": {
                "ston": "^0.0.13"
            },
            "engines": {
                "node": "^14.0.0",
                "npm": "^7.0.0"
            }
        },
        "node_modules/ston": {
            "version": "0.0.13",
            "resolved": "https://registry.npmjs.org/ston/-/ston-0.0.13.tgz",
            "integrity": "sha512-k1ieA1yHxKQvkmVdxTImO5WVQm+Iwq+13jQxfRexKCAEesbEg1gnLxzSYI605wFY0s83NEMHLM8KL/2Vme5XAg==",
            "engines": {
                "node": "^14.0.0",
                "npm": "^7.0.0"
            }
        },
        "node_modules/typescript": {
            "version": "4.3.5",
            "resolved": "https://registry.npmjs.org/typescript/-/typescript-4.3.5.tgz",
            "integrity": "sha512-DqQgihaQ9cUrskJo9kIyW/+g0Vxsk8cDtZ52a3NGh0YNTfpUSArXSohyUGnvbPazEPLu398C0UxmKSOrPumUzA==",
            "dev": true,
            "bin": {
                "tsc": "bin/tsc",
                "tsserver": "bin/tsserver"
            },
            "engines": {
                "node": ">=4.2.0"
            }
        }
    },
    "dependencies": {
        "@types/node": {
            "version": "16.4.10",
            "resolved": "https://registry.npmjs.org/@types/node/-/node-16.4.10.tgz",
            "integrity": "sha512-TmVHsm43br64js9BqHWqiDZA+xMtbUpI1MBIA0EyiBmoV9pcEYFOSdj5fr6enZNfh4fChh+AGOLIzGwJnkshyQ==",
            "dev": true
        },
        "@types/vscode": {
            "version": "1.58.1",
            "resolved": "https://registry.npmjs.org/@types/vscode/-/vscode-1.58.1.tgz",
            "integrity": "sha512-sa76rDXiSif09he8KoaWWUQxsuBr2+uND0xn1GUbEODkuEjp2p7Rqd3t5qlvklfmAedLFdL7MdnsPa57uzwcOw==",
            "dev": true
        },
        "stdn": {
            "version": "0.0.7",
            "resolved": "https://registry.npmjs.org/stdn/-/stdn-0.0.7.tgz",
            "integrity": "sha512-aHI0LyehRUDePytDmmvrs8Kd0L3DPon2HpdpaqvyX9yFPUBIaJ94kDRkmNjuR7vhHF7xTxcFR6zw7h2c1oBEZw==",
            "requires": {
                "ston": "^0.0.13"
            }
        },
        "ston": {
            "version": "0.0.13",
            "resolved": "https://registry.npmjs.org/ston/-/ston-0.0.13.tgz",
            "integrity": "sha512-k1ieA1yHxKQvkmVdxTImO5WVQm+Iwq+13jQxfRexKCAEesbEg1gnLxzSYI605wFY0s83NEMHLM8KL/2Vme5XAg=="
        },
        "typescript": {
            "version": "4.3.5",
            "resolved": "https://registry.npmjs.org/typescript/-/typescript-4.3.5.tgz",
            "integrity": "sha512-DqQgihaQ9cUrskJo9kIyW/+g0Vxsk8cDtZ52a3NGh0YNTfpUSArXSohyUGnvbPazEPLu398C0UxmKSOrPumUzA==",
            "dev": true
        }
    }
}
