{
    "name": "st-lang",
    "version": "0.0.5",
    "lockfileVersion": 2,
    "requires": true,
    "packages": {
        "": {
            "version": "0.0.5",
            "dependencies": {
                "ston": "^0.0.5"
            },
            "devDependencies": {
                "@types/node": "^15.12.5",
                "@types/vscode": "^1.57.0",
                "typescript": "^4.3.4"
            },
            "engines": {
                "vscode": "^1.57.0"
            }
        },
        "node_modules/@types/node": {
            "version": "15.12.5",
            "resolved": "https://registry.npmjs.org/@types/node/-/node-15.12.5.tgz",
            "integrity": "sha512-se3yX7UHv5Bscf8f1ERKvQOD6sTyycH3hdaoozvaLxgUiY5lIGEeH37AD0G0Qi9kPqihPn0HOfd2yaIEN9VwEg==",
            "dev": true
        },
        "node_modules/@types/vscode": {
            "version": "1.57.0",
            "resolved": "https://registry.npmjs.org/@types/vscode/-/vscode-1.57.0.tgz",
            "integrity": "sha512-FeznBFtIDCWRluojTsi9c3LLcCHOXP5etQfBK42+ixo1CoEAchkw39tuui9zomjZuKfUVL33KZUDIwHZ/xvOkQ==",
            "dev": true
        },
        "node_modules/ston": {
            "version": "0.0.5",
            "resolved": "https://registry.npmjs.org/ston/-/ston-0.0.5.tgz",
            "integrity": "sha512-SycMnWUp3rk4g4WdkwvnLJTRCkzi1FGp7khDwESjVfEor2J2Km6uoxwv3cNiZeDT1nasWpwTHrvj0U2QOLYOeA=="
        },
        "node_modules/typescript": {
            "version": "4.3.4",
            "resolved": "https://registry.npmjs.org/typescript/-/typescript-4.3.4.tgz",
            "integrity": "sha512-uauPG7XZn9F/mo+7MrsRjyvbxFpzemRjKEZXS4AK83oP2KKOJPvb+9cO/gmnv8arWZvhnjVOXz7B49m1l0e9Ew==",
            "dev": true,
            "bin": {
                "tsc": "bin/tsc",
                "tsserver": "bin/tsserver"
            },
            "engines": {
                "node": ">=4.2.0"
            }
        }
    },
    "dependencies": {
        "@types/node": {
            "version": "15.12.5",
            "resolved": "https://registry.npmjs.org/@types/node/-/node-15.12.5.tgz",
            "integrity": "sha512-se3yX7UHv5Bscf8f1ERKvQOD6sTyycH3hdaoozvaLxgUiY5lIGEeH37AD0G0Qi9kPqihPn0HOfd2yaIEN9VwEg==",
            "dev": true
        },
        "@types/vscode": {
            "version": "1.57.0",
            "resolved": "https://registry.npmjs.org/@types/vscode/-/vscode-1.57.0.tgz",
            "integrity": "sha512-FeznBFtIDCWRluojTsi9c3LLcCHOXP5etQfBK42+ixo1CoEAchkw39tuui9zomjZuKfUVL33KZUDIwHZ/xvOkQ==",
            "dev": true
        },
        "ston": {
            "version": "0.0.5",
            "resolved": "https://registry.npmjs.org/ston/-/ston-0.0.5.tgz",
            "integrity": "sha512-SycMnWUp3rk4g4WdkwvnLJTRCkzi1FGp7khDwESjVfEor2J2Km6uoxwv3cNiZeDT1nasWpwTHrvj0U2QOLYOeA=="
        },
        "typescript": {
            "version": "4.3.4",
            "resolved": "https://registry.npmjs.org/typescript/-/typescript-4.3.4.tgz",
            "integrity": "sha512-uauPG7XZn9F/mo+7MrsRjyvbxFpzemRjKEZXS4AK83oP2KKOJPvb+9cO/gmnv8arWZvhnjVOXz7B49m1l0e9Ew==",
            "dev": true
        }
    }
}
